{
    "version": 3,
    "terraform_version": "0.11.5",
    "serial": 2,
    "lineage": "b8933b27-0658-5188-6ead-daa8bdae7eba",
    "modules": [
        {
            "path": [
                "root"
            ],
            "outputs": {},
            "resources": {},
            "depends_on": []
        },
        {
            "path": [
                "root",
                "storage"
            ],
            "outputs": {
                "bucketname": {
                    "sensitive": false,
                    "type": "string",
                    "value": "pardha-terraform-12602"
                }
            },
            "resources": {
                "aws_s3_bucket.pt_code": {
                    "type": "aws_s3_bucket",
                    "depends_on": [
                        "random_id.pt_bucket_id"
                    ],
                    "primary": {
                        "id": "pardha-terraform-12602",
                        "attributes": {
                            "acceleration_status": "",
                            "acl": "private",
                            "arn": "arn:aws:s3:::pardha-terraform-12602",
                            "bucket": "pardha-terraform-12602",
                            "bucket_domain_name": "pardha-terraform-12602.s3.amazonaws.com",
                            "bucket_regional_domain_name": "pardha-terraform-12602.s3.amazonaws.com",
                            "cors_rule.#": "0",
                            "force_destroy": "true",
                            "hosted_zone_id": "Z3AQBSTGFYJSTF",
                            "id": "pardha-terraform-12602",
                            "logging.#": "0",
                            "region": "us-east-1",
                            "replication_configuration.#": "0",
                            "request_payer": "BucketOwner",
                            "server_side_encryption_configuration.#": "0",
                            "tags.%": "1",
                            "tags.name": "pt_bucket",
                            "versioning.#": "1",
                            "versioning.0.enabled": "false",
                            "versioning.0.mfa_delete": "false",
                            "website.#": "0"
                        },
                        "meta": {},
                        "tainted": false
                    },
                    "deposed": [],
                    "provider": "provider.aws"
                },
                "random_id.pt_bucket_id": {
                    "type": "random_id",
                    "depends_on": [],
                    "primary": {
                        "id": "MTo",
                        "attributes": {
                            "b64": "MTo",
                            "b64_std": "MTo=",
                            "b64_url": "MTo",
                            "byte_length": "2",
                            "dec": "12602",
                            "hex": "313a",
                            "id": "MTo"
                        },
                        "meta": {},
                        "tainted": false
                    },
                    "deposed": [],
                    "provider": "provider.random"
                }
            },
            "depends_on": []
        }
    ]
}
