{
    "version": 3,
    "terraform_version": "0.11.5",
    "serial": 5,
    "lineage": "4cc89d76-0422-1bbb-aaf7-7f1825ff790f",
    "modules": [
        {
            "path": [
                "root"
            ],
            "outputs": {},
            "resources": {
                "aws_default_route_table.pt_private_rt": {
                    "type": "aws_default_route_table",
                    "depends_on": [
                        "aws_vpc.pt_vpc"
                    ],
                    "primary": {
                        "id": "rtb-0e1ccc47897747a87",
                        "attributes": {
                            "default_route_table_id": "rtb-0e1ccc47897747a87",
                            "id": "rtb-0e1ccc47897747a87",
                            "propagating_vgws.#": "0",
                            "route.#": "0",
                            "tags.%": "1",
                            "tags.Name": "pt_private",
                            "vpc_id": "vpc-0e465678f9fa151e6"
                        },
                        "meta": {},
                        "tainted": false
                    },
                    "deposed": [],
                    "provider": "provider.aws"
                },
                "aws_internet_gateway.pt_internet_gateway": {
                    "type": "aws_internet_gateway",
                    "depends_on": [
                        "aws_vpc.pt_vpc"
                    ],
                    "primary": {
                        "id": "igw-064727c7a27c918d2",
                        "attributes": {
                            "id": "igw-064727c7a27c918d2",
                            "tags.%": "1",
                            "tags.Name": "pt_igw",
                            "vpc_id": "vpc-0e465678f9fa151e6"
                        },
                        "meta": {},
                        "tainted": false
                    },
                    "deposed": [],
                    "provider": "provider.aws"
                },
                "aws_route_table.pt_public_rt": {
                    "type": "aws_route_table",
                    "depends_on": [
                        "aws_internet_gateway.pt_internet_gateway",
                        "aws_vpc.pt_vpc"
                    ],
                    "primary": {
                        "id": "rtb-0299c4f6cc8a3793f",
                        "attributes": {
                            "id": "rtb-0299c4f6cc8a3793f",
                            "propagating_vgws.#": "0",
                            "route.#": "1",
                            "route.24782985.cidr_block": "0.0.0.0/0",
                            "route.24782985.egress_only_gateway_id": "",
                            "route.24782985.gateway_id": "igw-064727c7a27c918d2",
                            "route.24782985.instance_id": "",
                            "route.24782985.ipv6_cidr_block": "",
                            "route.24782985.nat_gateway_id": "",
                            "route.24782985.network_interface_id": "",
                            "route.24782985.vpc_peering_connection_id": "",
                            "tags.%": "1",
                            "tags.Name": "pt_public",
                            "vpc_id": "vpc-0e465678f9fa151e6"
                        },
                        "meta": {},
                        "tainted": false
                    },
                    "deposed": [],
                    "provider": "provider.aws"
                },
                "aws_route_table_association.pt_public_assoc.0": {
                    "type": "aws_route_table_association",
                    "depends_on": [
                        "aws_route_table.pt_public_rt",
                        "aws_subnet.pt_public_subnet",
                        "aws_subnet.pt_public_subnet.*"
                    ],
                    "primary": {
                        "id": "rtbassoc-04b511f78e26da1d7",
                        "attributes": {
                            "id": "rtbassoc-04b511f78e26da1d7",
                            "route_table_id": "rtb-0299c4f6cc8a3793f",
                            "subnet_id": "subnet-0a1fded8fb266362e"
                        },
                        "meta": {},
                        "tainted": false
                    },
                    "deposed": [],
                    "provider": "provider.aws"
                },
                "aws_route_table_association.pt_public_assoc.1": {
                    "type": "aws_route_table_association",
                    "depends_on": [
                        "aws_route_table.pt_public_rt",
                        "aws_subnet.pt_public_subnet",
                        "aws_subnet.pt_public_subnet.*"
                    ],
                    "primary": {
                        "id": "rtbassoc-0456523aef373610c",
                        "attributes": {
                            "id": "rtbassoc-0456523aef373610c",
                            "route_table_id": "rtb-0299c4f6cc8a3793f",
                            "subnet_id": "subnet-0e9520ed8286d054b"
                        },
                        "meta": {},
                        "tainted": false
                    },
                    "deposed": [],
                    "provider": "provider.aws"
                },
                "aws_security_group.pt_public_sg": {
                    "type": "aws_security_group",
                    "depends_on": [
                        "aws_vpc.pt_vpc"
                    ],
                    "primary": {
                        "id": "sg-057ad65872b333c5d",
                        "attributes": {
                            "arn": "arn:aws:ec2:us-east-1:101073706167:security-group/sg-057ad65872b333c5d",
                            "description": "Used for access to the public instances",
                            "egress.#": "1",
                            "egress.482069346.cidr_blocks.#": "1",
                            "egress.482069346.cidr_blocks.0": "0.0.0.0/0",
                            "egress.482069346.description": "",
                            "egress.482069346.from_port": "0",
                            "egress.482069346.ipv6_cidr_blocks.#": "0",
                            "egress.482069346.prefix_list_ids.#": "0",
                            "egress.482069346.protocol": "-1",
                            "egress.482069346.security_groups.#": "0",
                            "egress.482069346.self": "false",
                            "egress.482069346.to_port": "0",
                            "id": "sg-057ad65872b333c5d",
                            "ingress.#": "2",
                            "ingress.2214680975.cidr_blocks.#": "1",
                            "ingress.2214680975.cidr_blocks.0": "0.0.0.0/0",
                            "ingress.2214680975.description": "",
                            "ingress.2214680975.from_port": "80",
                            "ingress.2214680975.ipv6_cidr_blocks.#": "0",
                            "ingress.2214680975.protocol": "tcp",
                            "ingress.2214680975.security_groups.#": "0",
                            "ingress.2214680975.self": "false",
                            "ingress.2214680975.to_port": "80",
                            "ingress.2541437006.cidr_blocks.#": "1",
                            "ingress.2541437006.cidr_blocks.0": "0.0.0.0/0",
                            "ingress.2541437006.description": "",
                            "ingress.2541437006.from_port": "22",
                            "ingress.2541437006.ipv6_cidr_blocks.#": "0",
                            "ingress.2541437006.protocol": "tcp",
                            "ingress.2541437006.security_groups.#": "0",
                            "ingress.2541437006.self": "false",
                            "ingress.2541437006.to_port": "22",
                            "name": "pt_public_sg",
                            "owner_id": "101073706167",
                            "revoke_rules_on_delete": "false",
                            "tags.%": "0",
                            "vpc_id": "vpc-0e465678f9fa151e6"
                        },
                        "meta": {
                            "e2bfb730-ecaa-11e6-8f88-34363bc7c4c0": {
                                "create": 600000000000,
                                "delete": 600000000000
                            },
                            "schema_version": "1"
                        },
                        "tainted": false
                    },
                    "deposed": [],
                    "provider": "provider.aws"
                },
                "aws_subnet.pt_public_subnet.0": {
                    "type": "aws_subnet",
                    "depends_on": [
                        "aws_vpc.pt_vpc",
                        "data.aws_availability_zones.available"
                    ],
                    "primary": {
                        "id": "subnet-0a1fded8fb266362e",
                        "attributes": {
                            "assign_ipv6_address_on_creation": "false",
                            "availability_zone": "us-east-1a",
                            "cidr_block": "10.123.1.0/24",
                            "id": "subnet-0a1fded8fb266362e",
                            "map_public_ip_on_launch": "true",
                            "tags.%": "1",
                            "tags.Name": "pt_public_1",
                            "vpc_id": "vpc-0e465678f9fa151e6"
                        },
                        "meta": {
                            "schema_version": "1"
                        },
                        "tainted": false
                    },
                    "deposed": [],
                    "provider": "provider.aws"
                },
                "aws_subnet.pt_public_subnet.1": {
                    "type": "aws_subnet",
                    "depends_on": [
                        "aws_vpc.pt_vpc",
                        "data.aws_availability_zones.available"
                    ],
                    "primary": {
                        "id": "subnet-0e9520ed8286d054b",
                        "attributes": {
                            "assign_ipv6_address_on_creation": "false",
                            "availability_zone": "us-east-1b",
                            "cidr_block": "10.123.2.0/24",
                            "id": "subnet-0e9520ed8286d054b",
                            "map_public_ip_on_launch": "true",
                            "tags.%": "1",
                            "tags.Name": "pt_public_2",
                            "vpc_id": "vpc-0e465678f9fa151e6"
                        },
                        "meta": {
                            "schema_version": "1"
                        },
                        "tainted": false
                    },
                    "deposed": [],
                    "provider": "provider.aws"
                },
                "aws_vpc.pt_vpc": {
                    "type": "aws_vpc",
                    "depends_on": [],
                    "primary": {
                        "id": "vpc-0e465678f9fa151e6",
                        "attributes": {
                            "arn": "arn:aws:ec2:us-east-1:101073706167:vpc/vpc-0e465678f9fa151e6",
                            "assign_generated_ipv6_cidr_block": "false",
                            "cidr_block": "10.123.0.0/16",
                            "default_network_acl_id": "acl-019b66e108a34f1e7",
                            "default_route_table_id": "rtb-0e1ccc47897747a87",
                            "default_security_group_id": "sg-03090ed5ca6e32330",
                            "dhcp_options_id": "dopt-4bc02f30",
                            "enable_classiclink": "false",
                            "enable_classiclink_dns_support": "false",
                            "enable_dns_hostnames": "true",
                            "enable_dns_support": "true",
                            "id": "vpc-0e465678f9fa151e6",
                            "instance_tenancy": "default",
                            "main_route_table_id": "rtb-0e1ccc47897747a87",
                            "tags.%": "1",
                            "tags.Name": "pt_vpc"
                        },
                        "meta": {
                            "schema_version": "1"
                        },
                        "tainted": false
                    },
                    "deposed": [],
                    "provider": "provider.aws"
                },
                "data.aws_availability_zones.available": {
                    "type": "aws_availability_zones",
                    "depends_on": [],
                    "primary": {
                        "id": "2018-08-09 07:17:59.276516181 +0000 UTC",
                        "attributes": {
                            "id": "2018-08-09 07:17:59.276516181 +0000 UTC",
                            "names.#": "6",
                            "names.0": "us-east-1a",
                            "names.1": "us-east-1b",
                            "names.2": "us-east-1c",
                            "names.3": "us-east-1d",
                            "names.4": "us-east-1e",
                            "names.5": "us-east-1f"
                        },
                        "meta": {},
                        "tainted": false
                    },
                    "deposed": [],
                    "provider": "provider.aws"
                }
            },
            "depends_on": []
        }
    ]
}
