{
    "version": 3,
    "terraform_version": "0.11.5",
    "serial": 3,
    "lineage": "090bd1d9-8b82-158b-09ba-70d263f0d48e",
    "modules": [
        {
            "path": [
                "root"
            ],
            "outputs": {},
            "resources": {
                "random_id.pt_bucket_id": {
                    "type": "random_id",
                    "depends_on": [],
                    "primary": {
                        "id": "9Pg",
                        "attributes": {
                            "b64": "9Pg",
                            "b64_std": "9Pg=",
                            "b64_url": "9Pg",
                            "byte_length": "2",
                            "dec": "62712",
                            "hex": "f4f8",
                            "id": "9Pg"
                        },
                        "meta": {},
                        "tainted": false
                    },
                    "deposed": [],
                    "provider": "provider.random"
                }
            },
            "depends_on": []
        }
    ]
}
